
Microsoft Visual Studio Solution File, Format Version 12.00
# Visual Studio 15
VisualStudioVersion = 15.0.27130.2026
MinimumVisualStudioVersion = 10.0.40219.1
Project("{FAE04EC0-301F-11D3-BF4B-00C04F79EFBC}") = "SocialLidia", "SocialLidia\SocialLidia.csproj", "{39CF8540-7BEE-45AE-92AB-1FE0B2A1EC5F}"
EndProject
Global
	GlobalSection(SolutionConfigurationPlatforms) = preSolution
		Debug|Any CPU = Debug|Any CPU
		Release|Any CPU = Release|Any CPU
	EndGlobalSection
	GlobalSection(ProjectConfigurationPlatforms) = postSolution
		{39CF8540-7BEE-45AE-92AB-1FE0B2A1EC5F}.Debug|Any CPU.ActiveCfg = Debug|Any CPU
		{39CF8540-7BEE-45AE-92AB-1FE0B2A1EC5F}.Debug|Any CPU.Build.0 = Debug|Any CPU
		{39CF8540-7BEE-45AE-92AB-1FE0B2A1EC5F}.Release|Any CPU.ActiveCfg = Release|Any CPU
		{39CF8540-7BEE-45AE-92AB-1FE0B2A1EC5F}.Release|Any CPU.Build.0 = Release|Any CPU
	EndGlobalSection
	GlobalSection(SolutionProperties) = preSolution
		HideSolutionNode = FALSE
	EndGlobalSection
	GlobalSection(ExtensibilityGlobals) = postSolution
		SolutionGuid = {826A26E9-D0A4-4903-BF2C-9E3831C74F8B}
	EndGlobalSection
EndGlobal
